
Microsoft Visual Studio Solution File, Format Version 12.00
# Visual Studio Version 16
VisualStudioVersion = 16.0.32510.428
MinimumVisualStudioVersion = 10.0.40219.1
Project("{9A19103F-16F7-4668-BE54-9A1E7A4F7556}") = "eCommerceApp", "eCommerceApp\eCommerceApp.csproj", "{E48842C3-E8B2-45C2-A331-858B6EC1A486}"
EndProject
Project("{9A19103F-16F7-4668-BE54-9A1E7A4F7556}") = "eCommAppProduct", "eCommAppProduct\eCommAppProduct.csproj", "{3C19906C-486C-42EF-BE2F-92B9D4C6D397}"
EndProject
Project("{9A19103F-16F7-4668-BE54-9A1E7A4F7556}") = "eCommAppUser", "eCommAppUser\eCommAppUser.csproj", "{A6CB0A90-169D-49A7-83C5-998F5FB917B1}"
EndProject
Project("{9A19103F-16F7-4668-BE54-9A1E7A4F7556}") = "eCommAppPrice", "eCommAppPrice\eCommAppPrice.csproj", "{CEDFFB67-45E9-4BDE-8902-52A8D8F0F8E8}"
EndProject
Project("{9A19103F-16F7-4668-BE54-9A1E7A4F7556}") = "eCommAppCart", "eCommAppCart\eCommAppCart.csproj", "{84EBD4FE-4C0A-497B-BFB2-35AE1603982A}"
EndProject
Project("{FAE04EC0-301F-11D3-BF4B-00C04F79EFBC}") = "API_Gateway", "API_Gateway\API_Gateway.csproj", "{85C7924C-D67B-46CE-8C90-FE1082831F92}"
EndProject
Project("{FAE04EC0-301F-11D3-BF4B-00C04F79EFBC}") = "UserClaims", "Frameworks\UserClaims\UserClaims.csproj", "{4C2944A4-FAC4-47F4-BA0B-C2622186A60E}"
EndProject
Project("{FAE04EC0-301F-11D3-BF4B-00C04F79EFBC}") = "Logging", "Frameworks\Logging\Logging.csproj", "{02C0933F-5A8E-4568-B803-ECD2BE0C2527}"
EndProject
Project("{FAE04EC0-301F-11D3-BF4B-00C04F79EFBC}") = "ExceptionHandling", "Frameworks\ExceptionHandling\ExceptionHandling.csproj", "{D6B061C0-DE9B-4EFE-96FB-3854406CE1F6}"
EndProject
Global
	GlobalSection(SolutionConfigurationPlatforms) = preSolution
		Debug|Any CPU = Debug|Any CPU
		Release|Any CPU = Release|Any CPU
	EndGlobalSection
	GlobalSection(ProjectConfigurationPlatforms) = postSolution
		{E48842C3-E8B2-45C2-A331-858B6EC1A486}.Debug|Any CPU.ActiveCfg = Debug|Any CPU
		{E48842C3-E8B2-45C2-A331-858B6EC1A486}.Debug|Any CPU.Build.0 = Debug|Any CPU
		{E48842C3-E8B2-45C2-A331-858B6EC1A486}.Release|Any CPU.ActiveCfg = Release|Any CPU
		{E48842C3-E8B2-45C2-A331-858B6EC1A486}.Release|Any CPU.Build.0 = Release|Any CPU
		{3C19906C-486C-42EF-BE2F-92B9D4C6D397}.Debug|Any CPU.ActiveCfg = Debug|Any CPU
		{3C19906C-486C-42EF-BE2F-92B9D4C6D397}.Debug|Any CPU.Build.0 = Debug|Any CPU
		{3C19906C-486C-42EF-BE2F-92B9D4C6D397}.Release|Any CPU.ActiveCfg = Release|Any CPU
		{3C19906C-486C-42EF-BE2F-92B9D4C6D397}.Release|Any CPU.Build.0 = Release|Any CPU
		{A6CB0A90-169D-49A7-83C5-998F5FB917B1}.Debug|Any CPU.ActiveCfg = Debug|Any CPU
		{A6CB0A90-169D-49A7-83C5-998F5FB917B1}.Debug|Any CPU.Build.0 = Debug|Any CPU
		{A6CB0A90-169D-49A7-83C5-998F5FB917B1}.Release|Any CPU.ActiveCfg = Release|Any CPU
		{A6CB0A90-169D-49A7-83C5-998F5FB917B1}.Release|Any CPU.Build.0 = Release|Any CPU
		{CEDFFB67-45E9-4BDE-8902-52A8D8F0F8E8}.Debug|Any CPU.ActiveCfg = Debug|Any CPU
		{CEDFFB67-45E9-4BDE-8902-52A8D8F0F8E8}.Debug|Any CPU.Build.0 = Debug|Any CPU
		{CEDFFB67-45E9-4BDE-8902-52A8D8F0F8E8}.Release|Any CPU.ActiveCfg = Release|Any CPU
		{CEDFFB67-45E9-4BDE-8902-52A8D8F0F8E8}.Release|Any CPU.Build.0 = Release|Any CPU
		{84EBD4FE-4C0A-497B-BFB2-35AE1603982A}.Debug|Any CPU.ActiveCfg = Debug|Any CPU
		{84EBD4FE-4C0A-497B-BFB2-35AE1603982A}.Debug|Any CPU.Build.0 = Debug|Any CPU
		{84EBD4FE-4C0A-497B-BFB2-35AE1603982A}.Release|Any CPU.ActiveCfg = Release|Any CPU
		{84EBD4FE-4C0A-497B-BFB2-35AE1603982A}.Release|Any CPU.Build.0 = Release|Any CPU
		{85C7924C-D67B-46CE-8C90-FE1082831F92}.Debug|Any CPU.ActiveCfg = Debug|Any CPU
		{85C7924C-D67B-46CE-8C90-FE1082831F92}.Debug|Any CPU.Build.0 = Debug|Any CPU
		{85C7924C-D67B-46CE-8C90-FE1082831F92}.Release|Any CPU.ActiveCfg = Release|Any CPU
		{85C7924C-D67B-46CE-8C90-FE1082831F92}.Release|Any CPU.Build.0 = Release|Any CPU
		{4C2944A4-FAC4-47F4-BA0B-C2622186A60E}.Debug|Any CPU.ActiveCfg = Debug|Any CPU
		{4C2944A4-FAC4-47F4-BA0B-C2622186A60E}.Debug|Any CPU.Build.0 = Debug|Any CPU
		{4C2944A4-FAC4-47F4-BA0B-C2622186A60E}.Release|Any CPU.ActiveCfg = Release|Any CPU
		{4C2944A4-FAC4-47F4-BA0B-C2622186A60E}.Release|Any CPU.Build.0 = Release|Any CPU
		{02C0933F-5A8E-4568-B803-ECD2BE0C2527}.Debug|Any CPU.ActiveCfg = Debug|Any CPU
		{02C0933F-5A8E-4568-B803-ECD2BE0C2527}.Debug|Any CPU.Build.0 = Debug|Any CPU
		{02C0933F-5A8E-4568-B803-ECD2BE0C2527}.Release|Any CPU.ActiveCfg = Release|Any CPU
		{02C0933F-5A8E-4568-B803-ECD2BE0C2527}.Release|Any CPU.Build.0 = Release|Any CPU
		{D6B061C0-DE9B-4EFE-96FB-3854406CE1F6}.Debug|Any CPU.ActiveCfg = Debug|Any CPU
		{D6B061C0-DE9B-4EFE-96FB-3854406CE1F6}.Debug|Any CPU.Build.0 = Debug|Any CPU
		{D6B061C0-DE9B-4EFE-96FB-3854406CE1F6}.Release|Any CPU.ActiveCfg = Release|Any CPU
		{D6B061C0-DE9B-4EFE-96FB-3854406CE1F6}.Release|Any CPU.Build.0 = Release|Any CPU
	EndGlobalSection
	GlobalSection(SolutionProperties) = preSolution
		HideSolutionNode = FALSE
	EndGlobalSection
	GlobalSection(ExtensibilityGlobals) = postSolution
		SolutionGuid = {3F4BD1D9-1376-43C0-8C3B-9D5A8DAE28BD}
	EndGlobalSection
EndGlobal
